
Microsoft Visual Studio Solution File, Format Version 12.00
# Visual Studio Version 17
VisualStudioVersion = 17.9.34701.34
MinimumVisualStudioVersion = 10.0.40219.1
Project("{2150E333-8FDC-42A3-9474-1A3956D46DE8}") = "Solution Items", "Solution Items", "{8DB5EC42-8AD5-49C7-9F1F-C7862356FD63}"
	ProjectSection(SolutionItems) = preProject
		.gitignore = .gitignore
		Build\Build.Configuration.cs = Build\Build.Configuration.cs
		Changelog.md = Changelog.md
		Readme.md = Readme.md
	EndProjectSection
EndProject
Project("{9A19103F-16F7-4668-BE54-9A1E7A4F7556}") = "Build", "build\Build.csproj", "{6AC317D8-F82F-4F05-B0BE-83B99A7EEAA8}"
EndProject
Project("{9A19103F-16F7-4668-BE54-9A1E7A4F7556}") = "Installer", "install\Installer.csproj", "{3936DBF8-A48F-44E6-BE20-A4FC9DC1B2D9}"
EndProject
Project("{9A19103F-16F7-4668-BE54-9A1E7A4F7556}") = "TurUpAIApplication", "..\TurUpAIApplication\TurUpAIApplication.csproj", "{1DB79613-6D05-43D7-B6B1-F28ECCE26D6D}"
EndProject
Project("{9A19103F-16F7-4668-BE54-9A1E7A4F7556}") = "TurUpAIAbout", "..\TurUpAIAbout\TurUpAIAbout.csproj", "{3CD5C03B-D4C4-469A-B25C-6D4DB31103D7}"
EndProject
Project("{9A19103F-16F7-4668-BE54-9A1E7A4F7556}") = "TurUpAIexportSetting", "..\TurUpAIexportSetting\TurUpAIexportSetting.csproj", "{FDCC218D-9907-4A54-9FF4-DA682AFB89F8}"
EndProject
Project("{9A19103F-16F7-4668-BE54-9A1E7A4F7556}") = "TurUpAILinesegmentation", "..\TurUpAILinesegmentation\TurUpAILinesegmentation.csproj", "{5B9C6EFD-715B-40F5-82C3-3A80F6ECB7C5}"
EndProject
Project("{FAE04EC0-301F-11D3-BF4B-00C04F79EFBC}") = "TurUpAIRunGmsh", "..\TurUpAIRunGmsh\TurUpAIRunGmsh.csproj", "{E72F124D-BFD5-4FAC-8E1F-A030F9DCD1C1}"
EndProject
Project("{9A19103F-16F7-4668-BE54-9A1E7A4F7556}") = "TurUpAIExportSurfaceToFemix", "..\TurUpAIExportSurfaceToFemix\TurUpAIExportSurfaceToFemix.csproj", "{F778F1DC-642C-44DE-911A-950E5F02F626}"
EndProject
Project("{FAE04EC0-301F-11D3-BF4B-00C04F79EFBC}") = "GmshToFemix", "..\TurUpAIGmshToFemix\GmshToFemix.csproj", "{E18A9E38-104E-4D4A-B527-EB56ABFAE188}"
EndProject
Global
	GlobalSection(SolutionConfigurationPlatforms) = preSolution
		Debug R21|Any CPU = Debug R21|Any CPU
		Debug R21|x64 = Debug R21|x64
		Debug R22|Any CPU = Debug R22|Any CPU
		Debug R22|x64 = Debug R22|x64
		Debug R23|Any CPU = Debug R23|Any CPU
		Debug R23|x64 = Debug R23|x64
		Debug R24|Any CPU = Debug R24|Any CPU
		Debug R24|x64 = Debug R24|x64
		Debug R25|Any CPU = Debug R25|Any CPU
		Debug R25|x64 = Debug R25|x64
		Debug|Any CPU = Debug|Any CPU
		Debug|x64 = Debug|x64
		Installer|Any CPU = Installer|Any CPU
		Installer|x64 = Installer|x64
		Release R21|Any CPU = Release R21|Any CPU
		Release R21|x64 = Release R21|x64
		Release R22|Any CPU = Release R22|Any CPU
		Release R22|x64 = Release R22|x64
		Release R23|Any CPU = Release R23|Any CPU
		Release R23|x64 = Release R23|x64
		Release R24|Any CPU = Release R24|Any CPU
		Release R24|x64 = Release R24|x64
		Release R25|Any CPU = Release R25|Any CPU
		Release R25|x64 = Release R25|x64
		Release|Any CPU = Release|Any CPU
		Release|x64 = Release|x64
	EndGlobalSection
	GlobalSection(ProjectConfigurationPlatforms) = postSolution
		{6AC317D8-F82F-4F05-B0BE-83B99A7EEAA8}.Debug R21|Any CPU.ActiveCfg = Debug|Any CPU
		{6AC317D8-F82F-4F05-B0BE-83B99A7EEAA8}.Debug R21|x64.ActiveCfg = Debug|Any CPU
		{6AC317D8-F82F-4F05-B0BE-83B99A7EEAA8}.Debug R21|x64.Build.0 = Debug|Any CPU
		{6AC317D8-F82F-4F05-B0BE-83B99A7EEAA8}.Debug R22|Any CPU.ActiveCfg = Debug|Any CPU
		{6AC317D8-F82F-4F05-B0BE-83B99A7EEAA8}.Debug R22|x64.ActiveCfg = Debug|Any CPU
		{6AC317D8-F82F-4F05-B0BE-83B99A7EEAA8}.Debug R22|x64.Build.0 = Debug|Any CPU
		{6AC317D8-F82F-4F05-B0BE-83B99A7EEAA8}.Debug R23|Any CPU.ActiveCfg = Debug|Any CPU
		{6AC317D8-F82F-4F05-B0BE-83B99A7EEAA8}.Debug R23|x64.ActiveCfg = Debug|Any CPU
		{6AC317D8-F82F-4F05-B0BE-83B99A7EEAA8}.Debug R23|x64.Build.0 = Debug|Any CPU
		{6AC317D8-F82F-4F05-B0BE-83B99A7EEAA8}.Debug R24|Any CPU.ActiveCfg = Debug|Any CPU
		{6AC317D8-F82F-4F05-B0BE-83B99A7EEAA8}.Debug R24|x64.ActiveCfg = Debug|Any CPU
		{6AC317D8-F82F-4F05-B0BE-83B99A7EEAA8}.Debug R24|x64.Build.0 = Debug|Any CPU
		{6AC317D8-F82F-4F05-B0BE-83B99A7EEAA8}.Debug R25|Any CPU.ActiveCfg = Debug|Any CPU
		{6AC317D8-F82F-4F05-B0BE-83B99A7EEAA8}.Debug R25|x64.ActiveCfg = Debug|Any CPU
		{6AC317D8-F82F-4F05-B0BE-83B99A7EEAA8}.Debug R25|x64.Build.0 = Debug|Any CPU
		{6AC317D8-F82F-4F05-B0BE-83B99A7EEAA8}.Debug|Any CPU.ActiveCfg = Debug|Any CPU
		{6AC317D8-F82F-4F05-B0BE-83B99A7EEAA8}.Debug|Any CPU.Build.0 = Debug|Any CPU
		{6AC317D8-F82F-4F05-B0BE-83B99A7EEAA8}.Debug|x64.ActiveCfg = Debug|Any CPU
		{6AC317D8-F82F-4F05-B0BE-83B99A7EEAA8}.Debug|x64.Build.0 = Debug|Any CPU
		{6AC317D8-F82F-4F05-B0BE-83B99A7EEAA8}.Installer|Any CPU.ActiveCfg = Release|Any CPU
		{6AC317D8-F82F-4F05-B0BE-83B99A7EEAA8}.Installer|x64.ActiveCfg = Release|Any CPU
		{6AC317D8-F82F-4F05-B0BE-83B99A7EEAA8}.Installer|x64.Build.0 = Release|Any CPU
		{6AC317D8-F82F-4F05-B0BE-83B99A7EEAA8}.Release R21|Any CPU.ActiveCfg = Release|Any CPU
		{6AC317D8-F82F-4F05-B0BE-83B99A7EEAA8}.Release R21|x64.ActiveCfg = Release|Any CPU
		{6AC317D8-F82F-4F05-B0BE-83B99A7EEAA8}.Release R21|x64.Build.0 = Release|Any CPU
		{6AC317D8-F82F-4F05-B0BE-83B99A7EEAA8}.Release R22|Any CPU.ActiveCfg = Release|Any CPU
		{6AC317D8-F82F-4F05-B0BE-83B99A7EEAA8}.Release R22|x64.ActiveCfg = Release|Any CPU
		{6AC317D8-F82F-4F05-B0BE-83B99A7EEAA8}.Release R22|x64.Build.0 = Release|Any CPU
		{6AC317D8-F82F-4F05-B0BE-83B99A7EEAA8}.Release R23|Any CPU.ActiveCfg = Release|Any CPU
		{6AC317D8-F82F-4F05-B0BE-83B99A7EEAA8}.Release R23|x64.ActiveCfg = Release|Any CPU
		{6AC317D8-F82F-4F05-B0BE-83B99A7EEAA8}.Release R23|x64.Build.0 = Release|Any CPU
		{6AC317D8-F82F-4F05-B0BE-83B99A7EEAA8}.Release R24|Any CPU.ActiveCfg = Release|Any CPU
		{6AC317D8-F82F-4F05-B0BE-83B99A7EEAA8}.Release R24|x64.ActiveCfg = Release|Any CPU
		{6AC317D8-F82F-4F05-B0BE-83B99A7EEAA8}.Release R24|x64.Build.0 = Release|Any CPU
		{6AC317D8-F82F-4F05-B0BE-83B99A7EEAA8}.Release R25|Any CPU.ActiveCfg = Release|Any CPU
		{6AC317D8-F82F-4F05-B0BE-83B99A7EEAA8}.Release R25|x64.ActiveCfg = Release|Any CPU
		{6AC317D8-F82F-4F05-B0BE-83B99A7EEAA8}.Release R25|x64.Build.0 = Release|Any CPU
		{6AC317D8-F82F-4F05-B0BE-83B99A7EEAA8}.Release|Any CPU.ActiveCfg = Release|Any CPU
		{6AC317D8-F82F-4F05-B0BE-83B99A7EEAA8}.Release|Any CPU.Build.0 = Release|Any CPU
		{6AC317D8-F82F-4F05-B0BE-83B99A7EEAA8}.Release|x64.ActiveCfg = Release|Any CPU
		{6AC317D8-F82F-4F05-B0BE-83B99A7EEAA8}.Release|x64.Build.0 = Release|Any CPU
		{3936DBF8-A48F-44E6-BE20-A4FC9DC1B2D9}.Debug R21|Any CPU.ActiveCfg = Debug|Any CPU
		{3936DBF8-A48F-44E6-BE20-A4FC9DC1B2D9}.Debug R21|x64.ActiveCfg = Debug|Any CPU
		{3936DBF8-A48F-44E6-BE20-A4FC9DC1B2D9}.Debug R21|x64.Build.0 = Debug|Any CPU
		{3936DBF8-A48F-44E6-BE20-A4FC9DC1B2D9}.Debug R22|Any CPU.ActiveCfg = Debug|Any CPU
		{3936DBF8-A48F-44E6-BE20-A4FC9DC1B2D9}.Debug R22|x64.ActiveCfg = Debug|Any CPU
		{3936DBF8-A48F-44E6-BE20-A4FC9DC1B2D9}.Debug R22|x64.Build.0 = Debug|Any CPU
		{3936DBF8-A48F-44E6-BE20-A4FC9DC1B2D9}.Debug R23|Any CPU.ActiveCfg = Debug|Any CPU
		{3936DBF8-A48F-44E6-BE20-A4FC9DC1B2D9}.Debug R23|x64.ActiveCfg = Debug|Any CPU
		{3936DBF8-A48F-44E6-BE20-A4FC9DC1B2D9}.Debug R23|x64.Build.0 = Debug|Any CPU
		{3936DBF8-A48F-44E6-BE20-A4FC9DC1B2D9}.Debug R24|Any CPU.ActiveCfg = Debug|Any CPU
		{3936DBF8-A48F-44E6-BE20-A4FC9DC1B2D9}.Debug R24|x64.ActiveCfg = Debug|Any CPU
		{3936DBF8-A48F-44E6-BE20-A4FC9DC1B2D9}.Debug R24|x64.Build.0 = Debug|Any CPU
		{3936DBF8-A48F-44E6-BE20-A4FC9DC1B2D9}.Debug R25|Any CPU.ActiveCfg = Debug|Any CPU
		{3936DBF8-A48F-44E6-BE20-A4FC9DC1B2D9}.Debug R25|x64.ActiveCfg = Debug|Any CPU
		{3936DBF8-A48F-44E6-BE20-A4FC9DC1B2D9}.Debug R25|x64.Build.0 = Debug|Any CPU
		{3936DBF8-A48F-44E6-BE20-A4FC9DC1B2D9}.Debug|Any CPU.ActiveCfg = Debug|Any CPU
		{3936DBF8-A48F-44E6-BE20-A4FC9DC1B2D9}.Debug|Any CPU.Build.0 = Debug|Any CPU
		{3936DBF8-A48F-44E6-BE20-A4FC9DC1B2D9}.Debug|x64.ActiveCfg = Debug|Any CPU
		{3936DBF8-A48F-44E6-BE20-A4FC9DC1B2D9}.Debug|x64.Build.0 = Debug|Any CPU
		{3936DBF8-A48F-44E6-BE20-A4FC9DC1B2D9}.Installer|Any CPU.ActiveCfg = Release|Any CPU
		{3936DBF8-A48F-44E6-BE20-A4FC9DC1B2D9}.Installer|Any CPU.Build.0 = Release|Any CPU
		{3936DBF8-A48F-44E6-BE20-A4FC9DC1B2D9}.Installer|x64.ActiveCfg = Release|Any CPU
		{3936DBF8-A48F-44E6-BE20-A4FC9DC1B2D9}.Installer|x64.Build.0 = Release|Any CPU
		{3936DBF8-A48F-44E6-BE20-A4FC9DC1B2D9}.Release R21|Any CPU.ActiveCfg = Release|Any CPU
		{3936DBF8-A48F-44E6-BE20-A4FC9DC1B2D9}.Release R21|x64.ActiveCfg = Release|Any CPU
		{3936DBF8-A48F-44E6-BE20-A4FC9DC1B2D9}.Release R21|x64.Build.0 = Release|Any CPU
		{3936DBF8-A48F-44E6-BE20-A4FC9DC1B2D9}.Release R22|Any CPU.ActiveCfg = Release|Any CPU
		{3936DBF8-A48F-44E6-BE20-A4FC9DC1B2D9}.Release R22|x64.ActiveCfg = Release|Any CPU
		{3936DBF8-A48F-44E6-BE20-A4FC9DC1B2D9}.Release R22|x64.Build.0 = Release|Any CPU
		{3936DBF8-A48F-44E6-BE20-A4FC9DC1B2D9}.Release R23|Any CPU.ActiveCfg = Release|Any CPU
		{3936DBF8-A48F-44E6-BE20-A4FC9DC1B2D9}.Release R23|x64.ActiveCfg = Release|Any CPU
		{3936DBF8-A48F-44E6-BE20-A4FC9DC1B2D9}.Release R23|x64.Build.0 = Release|Any CPU
		{3936DBF8-A48F-44E6-BE20-A4FC9DC1B2D9}.Release R24|Any CPU.ActiveCfg = Release|Any CPU
		{3936DBF8-A48F-44E6-BE20-A4FC9DC1B2D9}.Release R24|x64.ActiveCfg = Release|Any CPU
		{3936DBF8-A48F-44E6-BE20-A4FC9DC1B2D9}.Release R24|x64.Build.0 = Release|Any CPU
		{3936DBF8-A48F-44E6-BE20-A4FC9DC1B2D9}.Release R25|Any CPU.ActiveCfg = Release|Any CPU
		{3936DBF8-A48F-44E6-BE20-A4FC9DC1B2D9}.Release R25|x64.ActiveCfg = Release|Any CPU
		{3936DBF8-A48F-44E6-BE20-A4FC9DC1B2D9}.Release R25|x64.Build.0 = Release|Any CPU
		{3936DBF8-A48F-44E6-BE20-A4FC9DC1B2D9}.Release|Any CPU.ActiveCfg = Release|Any CPU
		{3936DBF8-A48F-44E6-BE20-A4FC9DC1B2D9}.Release|Any CPU.Build.0 = Release|Any CPU
		{3936DBF8-A48F-44E6-BE20-A4FC9DC1B2D9}.Release|x64.ActiveCfg = Release|Any CPU
		{3936DBF8-A48F-44E6-BE20-A4FC9DC1B2D9}.Release|x64.Build.0 = Release|Any CPU
		{1DB79613-6D05-43D7-B6B1-F28ECCE26D6D}.Debug R21|Any CPU.ActiveCfg = Debug R21|Any CPU
		{1DB79613-6D05-43D7-B6B1-F28ECCE26D6D}.Debug R21|Any CPU.Build.0 = Debug R21|Any CPU
		{1DB79613-6D05-43D7-B6B1-F28ECCE26D6D}.Debug R21|x64.ActiveCfg = Debug R21|Any CPU
		{1DB79613-6D05-43D7-B6B1-F28ECCE26D6D}.Debug R21|x64.Build.0 = Debug R21|Any CPU
		{1DB79613-6D05-43D7-B6B1-F28ECCE26D6D}.Debug R22|Any CPU.ActiveCfg = Debug R22|Any CPU
		{1DB79613-6D05-43D7-B6B1-F28ECCE26D6D}.Debug R22|Any CPU.Build.0 = Debug R22|Any CPU
		{1DB79613-6D05-43D7-B6B1-F28ECCE26D6D}.Debug R22|x64.ActiveCfg = Debug R22|Any CPU
		{1DB79613-6D05-43D7-B6B1-F28ECCE26D6D}.Debug R22|x64.Build.0 = Debug R22|Any CPU
		{1DB79613-6D05-43D7-B6B1-F28ECCE26D6D}.Debug R23|Any CPU.ActiveCfg = Debug R23|Any CPU
		{1DB79613-6D05-43D7-B6B1-F28ECCE26D6D}.Debug R23|Any CPU.Build.0 = Debug R23|Any CPU
		{1DB79613-6D05-43D7-B6B1-F28ECCE26D6D}.Debug R23|x64.ActiveCfg = Debug R23|Any CPU
		{1DB79613-6D05-43D7-B6B1-F28ECCE26D6D}.Debug R23|x64.Build.0 = Debug R23|Any CPU
		{1DB79613-6D05-43D7-B6B1-F28ECCE26D6D}.Debug R24|Any CPU.ActiveCfg = Debug R24|Any CPU
		{1DB79613-6D05-43D7-B6B1-F28ECCE26D6D}.Debug R24|Any CPU.Build.0 = Debug R24|Any CPU
		{1DB79613-6D05-43D7-B6B1-F28ECCE26D6D}.Debug R24|x64.ActiveCfg = Debug R24|Any CPU
		{1DB79613-6D05-43D7-B6B1-F28ECCE26D6D}.Debug R24|x64.Build.0 = Debug R24|Any CPU
		{1DB79613-6D05-43D7-B6B1-F28ECCE26D6D}.Debug R25|Any CPU.ActiveCfg = Debug R25|Any CPU
		{1DB79613-6D05-43D7-B6B1-F28ECCE26D6D}.Debug R25|Any CPU.Build.0 = Debug R25|Any CPU
		{1DB79613-6D05-43D7-B6B1-F28ECCE26D6D}.Debug R25|x64.ActiveCfg = Debug R25|Any CPU
		{1DB79613-6D05-43D7-B6B1-F28ECCE26D6D}.Debug R25|x64.Build.0 = Debug R25|Any CPU
		{1DB79613-6D05-43D7-B6B1-F28ECCE26D6D}.Debug|Any CPU.ActiveCfg = Debug R20|Any CPU
		{1DB79613-6D05-43D7-B6B1-F28ECCE26D6D}.Debug|Any CPU.Build.0 = Debug R20|Any CPU
		{1DB79613-6D05-43D7-B6B1-F28ECCE26D6D}.Debug|x64.ActiveCfg = Debug R20|Any CPU
		{1DB79613-6D05-43D7-B6B1-F28ECCE26D6D}.Debug|x64.Build.0 = Debug R20|Any CPU
		{1DB79613-6D05-43D7-B6B1-F28ECCE26D6D}.Installer|Any CPU.ActiveCfg = Debug R20|Any CPU
		{1DB79613-6D05-43D7-B6B1-F28ECCE26D6D}.Installer|Any CPU.Build.0 = Debug R20|Any CPU
		{1DB79613-6D05-43D7-B6B1-F28ECCE26D6D}.Installer|x64.ActiveCfg = Debug R20|Any CPU
		{1DB79613-6D05-43D7-B6B1-F28ECCE26D6D}.Installer|x64.Build.0 = Debug R20|Any CPU
		{1DB79613-6D05-43D7-B6B1-F28ECCE26D6D}.Release R21|Any CPU.ActiveCfg = Release R21|Any CPU
		{1DB79613-6D05-43D7-B6B1-F28ECCE26D6D}.Release R21|Any CPU.Build.0 = Release R21|Any CPU
		{1DB79613-6D05-43D7-B6B1-F28ECCE26D6D}.Release R21|x64.ActiveCfg = Release R21|Any CPU
		{1DB79613-6D05-43D7-B6B1-F28ECCE26D6D}.Release R21|x64.Build.0 = Release R21|Any CPU
		{1DB79613-6D05-43D7-B6B1-F28ECCE26D6D}.Release R22|Any CPU.ActiveCfg = Release R22|Any CPU
		{1DB79613-6D05-43D7-B6B1-F28ECCE26D6D}.Release R22|Any CPU.Build.0 = Release R22|Any CPU
		{1DB79613-6D05-43D7-B6B1-F28ECCE26D6D}.Release R22|x64.ActiveCfg = Release R22|Any CPU
		{1DB79613-6D05-43D7-B6B1-F28ECCE26D6D}.Release R22|x64.Build.0 = Release R22|Any CPU
		{1DB79613-6D05-43D7-B6B1-F28ECCE26D6D}.Release R23|Any CPU.ActiveCfg = Release R23|Any CPU
		{1DB79613-6D05-43D7-B6B1-F28ECCE26D6D}.Release R23|Any CPU.Build.0 = Release R23|Any CPU
		{1DB79613-6D05-43D7-B6B1-F28ECCE26D6D}.Release R23|x64.ActiveCfg = Release R23|Any CPU
		{1DB79613-6D05-43D7-B6B1-F28ECCE26D6D}.Release R23|x64.Build.0 = Release R23|Any CPU
		{1DB79613-6D05-43D7-B6B1-F28ECCE26D6D}.Release R24|Any CPU.ActiveCfg = Release R24|Any CPU
		{1DB79613-6D05-43D7-B6B1-F28ECCE26D6D}.Release R24|Any CPU.Build.0 = Release R24|Any CPU
		{1DB79613-6D05-43D7-B6B1-F28ECCE26D6D}.Release R24|x64.ActiveCfg = Release R24|Any CPU
		{1DB79613-6D05-43D7-B6B1-F28ECCE26D6D}.Release R24|x64.Build.0 = Release R24|Any CPU
		{1DB79613-6D05-43D7-B6B1-F28ECCE26D6D}.Release R25|Any CPU.ActiveCfg = Release R25|Any CPU
		{1DB79613-6D05-43D7-B6B1-F28ECCE26D6D}.Release R25|Any CPU.Build.0 = Release R25|Any CPU
		{1DB79613-6D05-43D7-B6B1-F28ECCE26D6D}.Release R25|x64.ActiveCfg = Release R25|Any CPU
		{1DB79613-6D05-43D7-B6B1-F28ECCE26D6D}.Release R25|x64.Build.0 = Release R25|Any CPU
		{1DB79613-6D05-43D7-B6B1-F28ECCE26D6D}.Release|Any CPU.ActiveCfg = Release R20|Any CPU
		{1DB79613-6D05-43D7-B6B1-F28ECCE26D6D}.Release|Any CPU.Build.0 = Release R20|Any CPU
		{1DB79613-6D05-43D7-B6B1-F28ECCE26D6D}.Release|x64.ActiveCfg = Release R20|Any CPU
		{1DB79613-6D05-43D7-B6B1-F28ECCE26D6D}.Release|x64.Build.0 = Release R20|Any CPU
		{3CD5C03B-D4C4-469A-B25C-6D4DB31103D7}.Debug R21|Any CPU.ActiveCfg = Debug R21|Any CPU
		{3CD5C03B-D4C4-469A-B25C-6D4DB31103D7}.Debug R21|Any CPU.Build.0 = Debug R21|Any CPU
		{3CD5C03B-D4C4-469A-B25C-6D4DB31103D7}.Debug R21|x64.ActiveCfg = Debug R21|Any CPU
		{3CD5C03B-D4C4-469A-B25C-6D4DB31103D7}.Debug R21|x64.Build.0 = Debug R21|Any CPU
		{3CD5C03B-D4C4-469A-B25C-6D4DB31103D7}.Debug R22|Any CPU.ActiveCfg = Debug R22|Any CPU
		{3CD5C03B-D4C4-469A-B25C-6D4DB31103D7}.Debug R22|Any CPU.Build.0 = Debug R22|Any CPU
		{3CD5C03B-D4C4-469A-B25C-6D4DB31103D7}.Debug R22|x64.ActiveCfg = Debug R22|Any CPU
		{3CD5C03B-D4C4-469A-B25C-6D4DB31103D7}.Debug R22|x64.Build.0 = Debug R22|Any CPU
		{3CD5C03B-D4C4-469A-B25C-6D4DB31103D7}.Debug R23|Any CPU.ActiveCfg = Debug R23|Any CPU
		{3CD5C03B-D4C4-469A-B25C-6D4DB31103D7}.Debug R23|Any CPU.Build.0 = Debug R23|Any CPU
		{3CD5C03B-D4C4-469A-B25C-6D4DB31103D7}.Debug R23|x64.ActiveCfg = Debug R23|Any CPU
		{3CD5C03B-D4C4-469A-B25C-6D4DB31103D7}.Debug R23|x64.Build.0 = Debug R23|Any CPU
		{3CD5C03B-D4C4-469A-B25C-6D4DB31103D7}.Debug R24|Any CPU.ActiveCfg = Debug R24|Any CPU
		{3CD5C03B-D4C4-469A-B25C-6D4DB31103D7}.Debug R24|Any CPU.Build.0 = Debug R24|Any CPU
		{3CD5C03B-D4C4-469A-B25C-6D4DB31103D7}.Debug R24|x64.ActiveCfg = Debug R24|Any CPU
		{3CD5C03B-D4C4-469A-B25C-6D4DB31103D7}.Debug R24|x64.Build.0 = Debug R24|Any CPU
		{3CD5C03B-D4C4-469A-B25C-6D4DB31103D7}.Debug R25|Any CPU.ActiveCfg = Debug R25|Any CPU
		{3CD5C03B-D4C4-469A-B25C-6D4DB31103D7}.Debug R25|Any CPU.Build.0 = Debug R25|Any CPU
		{3CD5C03B-D4C4-469A-B25C-6D4DB31103D7}.Debug R25|x64.ActiveCfg = Debug R25|Any CPU
		{3CD5C03B-D4C4-469A-B25C-6D4DB31103D7}.Debug R25|x64.Build.0 = Debug R25|Any CPU
		{3CD5C03B-D4C4-469A-B25C-6D4DB31103D7}.Debug|Any CPU.ActiveCfg = Debug R20|Any CPU
		{3CD5C03B-D4C4-469A-B25C-6D4DB31103D7}.Debug|Any CPU.Build.0 = Debug R20|Any CPU
		{3CD5C03B-D4C4-469A-B25C-6D4DB31103D7}.Debug|x64.ActiveCfg = Debug R20|Any CPU
		{3CD5C03B-D4C4-469A-B25C-6D4DB31103D7}.Debug|x64.Build.0 = Debug R20|Any CPU
		{3CD5C03B-D4C4-469A-B25C-6D4DB31103D7}.Installer|Any CPU.ActiveCfg = Debug R20|Any CPU
		{3CD5C03B-D4C4-469A-B25C-6D4DB31103D7}.Installer|Any CPU.Build.0 = Debug R20|Any CPU
		{3CD5C03B-D4C4-469A-B25C-6D4DB31103D7}.Installer|x64.ActiveCfg = Debug R20|Any CPU
		{3CD5C03B-D4C4-469A-B25C-6D4DB31103D7}.Installer|x64.Build.0 = Debug R20|Any CPU
		{3CD5C03B-D4C4-469A-B25C-6D4DB31103D7}.Release R21|Any CPU.ActiveCfg = Release R21|Any CPU
		{3CD5C03B-D4C4-469A-B25C-6D4DB31103D7}.Release R21|Any CPU.Build.0 = Release R21|Any CPU
		{3CD5C03B-D4C4-469A-B25C-6D4DB31103D7}.Release R21|x64.ActiveCfg = Release R21|Any CPU
		{3CD5C03B-D4C4-469A-B25C-6D4DB31103D7}.Release R21|x64.Build.0 = Release R21|Any CPU
		{3CD5C03B-D4C4-469A-B25C-6D4DB31103D7}.Release R22|Any CPU.ActiveCfg = Release R22|Any CPU
		{3CD5C03B-D4C4-469A-B25C-6D4DB31103D7}.Release R22|Any CPU.Build.0 = Release R22|Any CPU
		{3CD5C03B-D4C4-469A-B25C-6D4DB31103D7}.Release R22|x64.ActiveCfg = Release R22|Any CPU
		{3CD5C03B-D4C4-469A-B25C-6D4DB31103D7}.Release R22|x64.Build.0 = Release R22|Any CPU
		{3CD5C03B-D4C4-469A-B25C-6D4DB31103D7}.Release R23|Any CPU.ActiveCfg = Release R23|Any CPU
		{3CD5C03B-D4C4-469A-B25C-6D4DB31103D7}.Release R23|Any CPU.Build.0 = Release R23|Any CPU
		{3CD5C03B-D4C4-469A-B25C-6D4DB31103D7}.Release R23|x64.ActiveCfg = Release R23|Any CPU
		{3CD5C03B-D4C4-469A-B25C-6D4DB31103D7}.Release R23|x64.Build.0 = Release R23|Any CPU
		{3CD5C03B-D4C4-469A-B25C-6D4DB31103D7}.Release R24|Any CPU.ActiveCfg = Release R24|Any CPU
		{3CD5C03B-D4C4-469A-B25C-6D4DB31103D7}.Release R24|Any CPU.Build.0 = Release R24|Any CPU
		{3CD5C03B-D4C4-469A-B25C-6D4DB31103D7}.Release R24|x64.ActiveCfg = Release R24|Any CPU
		{3CD5C03B-D4C4-469A-B25C-6D4DB31103D7}.Release R24|x64.Build.0 = Release R24|Any CPU
		{3CD5C03B-D4C4-469A-B25C-6D4DB31103D7}.Release R25|Any CPU.ActiveCfg = Release R25|Any CPU
		{3CD5C03B-D4C4-469A-B25C-6D4DB31103D7}.Release R25|Any CPU.Build.0 = Release R25|Any CPU
		{3CD5C03B-D4C4-469A-B25C-6D4DB31103D7}.Release R25|x64.ActiveCfg = Release R25|Any CPU
		{3CD5C03B-D4C4-469A-B25C-6D4DB31103D7}.Release R25|x64.Build.0 = Release R25|Any CPU
		{3CD5C03B-D4C4-469A-B25C-6D4DB31103D7}.Release|Any CPU.ActiveCfg = Release R20|Any CPU
		{3CD5C03B-D4C4-469A-B25C-6D4DB31103D7}.Release|Any CPU.Build.0 = Release R20|Any CPU
		{3CD5C03B-D4C4-469A-B25C-6D4DB31103D7}.Release|x64.ActiveCfg = Release R20|Any CPU
		{3CD5C03B-D4C4-469A-B25C-6D4DB31103D7}.Release|x64.Build.0 = Release R20|Any CPU
		{FDCC218D-9907-4A54-9FF4-DA682AFB89F8}.Debug R21|Any CPU.ActiveCfg = Debug R21|Any CPU
		{FDCC218D-9907-4A54-9FF4-DA682AFB89F8}.Debug R21|Any CPU.Build.0 = Debug R21|Any CPU
		{FDCC218D-9907-4A54-9FF4-DA682AFB89F8}.Debug R21|x64.ActiveCfg = Debug R21|Any CPU
		{FDCC218D-9907-4A54-9FF4-DA682AFB89F8}.Debug R21|x64.Build.0 = Debug R21|Any CPU
		{FDCC218D-9907-4A54-9FF4-DA682AFB89F8}.Debug R22|Any CPU.ActiveCfg = Debug R22|Any CPU
		{FDCC218D-9907-4A54-9FF4-DA682AFB89F8}.Debug R22|Any CPU.Build.0 = Debug R22|Any CPU
		{FDCC218D-9907-4A54-9FF4-DA682AFB89F8}.Debug R22|x64.ActiveCfg = Debug R22|Any CPU
		{FDCC218D-9907-4A54-9FF4-DA682AFB89F8}.Debug R22|x64.Build.0 = Debug R22|Any CPU
		{FDCC218D-9907-4A54-9FF4-DA682AFB89F8}.Debug R23|Any CPU.ActiveCfg = Debug R23|Any CPU
		{FDCC218D-9907-4A54-9FF4-DA682AFB89F8}.Debug R23|Any CPU.Build.0 = Debug R23|Any CPU
		{FDCC218D-9907-4A54-9FF4-DA682AFB89F8}.Debug R23|x64.ActiveCfg = Debug R23|Any CPU
		{FDCC218D-9907-4A54-9FF4-DA682AFB89F8}.Debug R23|x64.Build.0 = Debug R23|Any CPU
		{FDCC218D-9907-4A54-9FF4-DA682AFB89F8}.Debug R24|Any CPU.ActiveCfg = Debug R24|Any CPU
		{FDCC218D-9907-4A54-9FF4-DA682AFB89F8}.Debug R24|Any CPU.Build.0 = Debug R24|Any CPU
		{FDCC218D-9907-4A54-9FF4-DA682AFB89F8}.Debug R24|x64.ActiveCfg = Debug R24|Any CPU
		{FDCC218D-9907-4A54-9FF4-DA682AFB89F8}.Debug R24|x64.Build.0 = Debug R24|Any CPU
		{FDCC218D-9907-4A54-9FF4-DA682AFB89F8}.Debug R25|Any CPU.ActiveCfg = Debug R25|Any CPU
		{FDCC218D-9907-4A54-9FF4-DA682AFB89F8}.Debug R25|Any CPU.Build.0 = Debug R25|Any CPU
		{FDCC218D-9907-4A54-9FF4-DA682AFB89F8}.Debug R25|x64.ActiveCfg = Debug R25|Any CPU
		{FDCC218D-9907-4A54-9FF4-DA682AFB89F8}.Debug R25|x64.Build.0 = Debug R25|Any CPU
		{FDCC218D-9907-4A54-9FF4-DA682AFB89F8}.Debug|Any CPU.ActiveCfg = Debug R20|Any CPU
		{FDCC218D-9907-4A54-9FF4-DA682AFB89F8}.Debug|Any CPU.Build.0 = Debug R20|Any CPU
		{FDCC218D-9907-4A54-9FF4-DA682AFB89F8}.Debug|x64.ActiveCfg = Debug R20|Any CPU
		{FDCC218D-9907-4A54-9FF4-DA682AFB89F8}.Debug|x64.Build.0 = Debug R20|Any CPU
		{FDCC218D-9907-4A54-9FF4-DA682AFB89F8}.Installer|Any CPU.ActiveCfg = Debug R20|Any CPU
		{FDCC218D-9907-4A54-9FF4-DA682AFB89F8}.Installer|Any CPU.Build.0 = Debug R20|Any CPU
		{FDCC218D-9907-4A54-9FF4-DA682AFB89F8}.Installer|x64.ActiveCfg = Debug R20|Any CPU
		{FDCC218D-9907-4A54-9FF4-DA682AFB89F8}.Installer|x64.Build.0 = Debug R20|Any CPU
		{FDCC218D-9907-4A54-9FF4-DA682AFB89F8}.Release R21|Any CPU.ActiveCfg = Release R21|Any CPU
		{FDCC218D-9907-4A54-9FF4-DA682AFB89F8}.Release R21|Any CPU.Build.0 = Release R21|Any CPU
		{FDCC218D-9907-4A54-9FF4-DA682AFB89F8}.Release R21|x64.ActiveCfg = Release R21|Any CPU
		{FDCC218D-9907-4A54-9FF4-DA682AFB89F8}.Release R21|x64.Build.0 = Release R21|Any CPU
		{FDCC218D-9907-4A54-9FF4-DA682AFB89F8}.Release R22|Any CPU.ActiveCfg = Release R22|Any CPU
		{FDCC218D-9907-4A54-9FF4-DA682AFB89F8}.Release R22|Any CPU.Build.0 = Release R22|Any CPU
		{FDCC218D-9907-4A54-9FF4-DA682AFB89F8}.Release R22|x64.ActiveCfg = Release R22|Any CPU
		{FDCC218D-9907-4A54-9FF4-DA682AFB89F8}.Release R22|x64.Build.0 = Release R22|Any CPU
		{FDCC218D-9907-4A54-9FF4-DA682AFB89F8}.Release R23|Any CPU.ActiveCfg = Release R23|Any CPU
		{FDCC218D-9907-4A54-9FF4-DA682AFB89F8}.Release R23|Any CPU.Build.0 = Release R23|Any CPU
		{FDCC218D-9907-4A54-9FF4-DA682AFB89F8}.Release R23|x64.ActiveCfg = Release R23|Any CPU
		{FDCC218D-9907-4A54-9FF4-DA682AFB89F8}.Release R23|x64.Build.0 = Release R23|Any CPU
		{FDCC218D-9907-4A54-9FF4-DA682AFB89F8}.Release R24|Any CPU.ActiveCfg = Release R24|Any CPU
		{FDCC218D-9907-4A54-9FF4-DA682AFB89F8}.Release R24|Any CPU.Build.0 = Release R24|Any CPU
		{FDCC218D-9907-4A54-9FF4-DA682AFB89F8}.Release R24|x64.ActiveCfg = Release R24|Any CPU
		{FDCC218D-9907-4A54-9FF4-DA682AFB89F8}.Release R24|x64.Build.0 = Release R24|Any CPU
		{FDCC218D-9907-4A54-9FF4-DA682AFB89F8}.Release R25|Any CPU.ActiveCfg = Release R25|Any CPU
		{FDCC218D-9907-4A54-9FF4-DA682AFB89F8}.Release R25|Any CPU.Build.0 = Release R25|Any CPU
		{FDCC218D-9907-4A54-9FF4-DA682AFB89F8}.Release R25|x64.ActiveCfg = Release R25|Any CPU
		{FDCC218D-9907-4A54-9FF4-DA682AFB89F8}.Release R25|x64.Build.0 = Release R25|Any CPU
		{FDCC218D-9907-4A54-9FF4-DA682AFB89F8}.Release|Any CPU.ActiveCfg = Release R20|Any CPU
		{FDCC218D-9907-4A54-9FF4-DA682AFB89F8}.Release|Any CPU.Build.0 = Release R20|Any CPU
		{FDCC218D-9907-4A54-9FF4-DA682AFB89F8}.Release|x64.ActiveCfg = Release R20|Any CPU
		{FDCC218D-9907-4A54-9FF4-DA682AFB89F8}.Release|x64.Build.0 = Release R20|Any CPU
		{5B9C6EFD-715B-40F5-82C3-3A80F6ECB7C5}.Debug R21|Any CPU.ActiveCfg = Debug R21|Any CPU
		{5B9C6EFD-715B-40F5-82C3-3A80F6ECB7C5}.Debug R21|Any CPU.Build.0 = Debug R21|Any CPU
		{5B9C6EFD-715B-40F5-82C3-3A80F6ECB7C5}.Debug R21|x64.ActiveCfg = Debug R21|Any CPU
		{5B9C6EFD-715B-40F5-82C3-3A80F6ECB7C5}.Debug R21|x64.Build.0 = Debug R21|Any CPU
		{5B9C6EFD-715B-40F5-82C3-3A80F6ECB7C5}.Debug R22|Any CPU.ActiveCfg = Debug R22|Any CPU
		{5B9C6EFD-715B-40F5-82C3-3A80F6ECB7C5}.Debug R22|Any CPU.Build.0 = Debug R22|Any CPU
		{5B9C6EFD-715B-40F5-82C3-3A80F6ECB7C5}.Debug R22|x64.ActiveCfg = Debug R22|Any CPU
		{5B9C6EFD-715B-40F5-82C3-3A80F6ECB7C5}.Debug R22|x64.Build.0 = Debug R22|Any CPU
		{5B9C6EFD-715B-40F5-82C3-3A80F6ECB7C5}.Debug R23|Any CPU.ActiveCfg = Debug R23|Any CPU
		{5B9C6EFD-715B-40F5-82C3-3A80F6ECB7C5}.Debug R23|Any CPU.Build.0 = Debug R23|Any CPU
		{5B9C6EFD-715B-40F5-82C3-3A80F6ECB7C5}.Debug R23|x64.ActiveCfg = Debug R23|Any CPU
		{5B9C6EFD-715B-40F5-82C3-3A80F6ECB7C5}.Debug R23|x64.Build.0 = Debug R23|Any CPU
		{5B9C6EFD-715B-40F5-82C3-3A80F6ECB7C5}.Debug R24|Any CPU.ActiveCfg = Debug R24|Any CPU
		{5B9C6EFD-715B-40F5-82C3-3A80F6ECB7C5}.Debug R24|Any CPU.Build.0 = Debug R24|Any CPU
		{5B9C6EFD-715B-40F5-82C3-3A80F6ECB7C5}.Debug R24|x64.ActiveCfg = Debug R24|Any CPU
		{5B9C6EFD-715B-40F5-82C3-3A80F6ECB7C5}.Debug R24|x64.Build.0 = Debug R24|Any CPU
		{5B9C6EFD-715B-40F5-82C3-3A80F6ECB7C5}.Debug R25|Any CPU.ActiveCfg = Debug R25|Any CPU
		{5B9C6EFD-715B-40F5-82C3-3A80F6ECB7C5}.Debug R25|Any CPU.Build.0 = Debug R25|Any CPU
		{5B9C6EFD-715B-40F5-82C3-3A80F6ECB7C5}.Debug R25|x64.ActiveCfg = Debug R25|Any CPU
		{5B9C6EFD-715B-40F5-82C3-3A80F6ECB7C5}.Debug R25|x64.Build.0 = Debug R25|Any CPU
		{5B9C6EFD-715B-40F5-82C3-3A80F6ECB7C5}.Debug|Any CPU.ActiveCfg = Debug R20|Any CPU
		{5B9C6EFD-715B-40F5-82C3-3A80F6ECB7C5}.Debug|Any CPU.Build.0 = Debug R20|Any CPU
		{5B9C6EFD-715B-40F5-82C3-3A80F6ECB7C5}.Debug|x64.ActiveCfg = Debug R20|Any CPU
		{5B9C6EFD-715B-40F5-82C3-3A80F6ECB7C5}.Debug|x64.Build.0 = Debug R20|Any CPU
		{5B9C6EFD-715B-40F5-82C3-3A80F6ECB7C5}.Installer|Any CPU.ActiveCfg = Debug R20|Any CPU
		{5B9C6EFD-715B-40F5-82C3-3A80F6ECB7C5}.Installer|Any CPU.Build.0 = Debug R20|Any CPU
		{5B9C6EFD-715B-40F5-82C3-3A80F6ECB7C5}.Installer|x64.ActiveCfg = Debug R20|Any CPU
		{5B9C6EFD-715B-40F5-82C3-3A80F6ECB7C5}.Installer|x64.Build.0 = Debug R20|Any CPU
		{5B9C6EFD-715B-40F5-82C3-3A80F6ECB7C5}.Release R21|Any CPU.ActiveCfg = Release R21|Any CPU
		{5B9C6EFD-715B-40F5-82C3-3A80F6ECB7C5}.Release R21|Any CPU.Build.0 = Release R21|Any CPU
		{5B9C6EFD-715B-40F5-82C3-3A80F6ECB7C5}.Release R21|x64.ActiveCfg = Release R21|Any CPU
		{5B9C6EFD-715B-40F5-82C3-3A80F6ECB7C5}.Release R21|x64.Build.0 = Release R21|Any CPU
		{5B9C6EFD-715B-40F5-82C3-3A80F6ECB7C5}.Release R22|Any CPU.ActiveCfg = Release R22|Any CPU
		{5B9C6EFD-715B-40F5-82C3-3A80F6ECB7C5}.Release R22|Any CPU.Build.0 = Release R22|Any CPU
		{5B9C6EFD-715B-40F5-82C3-3A80F6ECB7C5}.Release R22|x64.ActiveCfg = Release R22|Any CPU
		{5B9C6EFD-715B-40F5-82C3-3A80F6ECB7C5}.Release R22|x64.Build.0 = Release R22|Any CPU
		{5B9C6EFD-715B-40F5-82C3-3A80F6ECB7C5}.Release R23|Any CPU.ActiveCfg = Release R23|Any CPU
		{5B9C6EFD-715B-40F5-82C3-3A80F6ECB7C5}.Release R23|Any CPU.Build.0 = Release R23|Any CPU
		{5B9C6EFD-715B-40F5-82C3-3A80F6ECB7C5}.Release R23|x64.ActiveCfg = Release R23|Any CPU
		{5B9C6EFD-715B-40F5-82C3-3A80F6ECB7C5}.Release R23|x64.Build.0 = Release R23|Any CPU
		{5B9C6EFD-715B-40F5-82C3-3A80F6ECB7C5}.Release R24|Any CPU.ActiveCfg = Release R24|Any CPU
		{5B9C6EFD-715B-40F5-82C3-3A80F6ECB7C5}.Release R24|Any CPU.Build.0 = Release R24|Any CPU
		{5B9C6EFD-715B-40F5-82C3-3A80F6ECB7C5}.Release R24|x64.ActiveCfg = Release R24|Any CPU
		{5B9C6EFD-715B-40F5-82C3-3A80F6ECB7C5}.Release R24|x64.Build.0 = Release R24|Any CPU
		{5B9C6EFD-715B-40F5-82C3-3A80F6ECB7C5}.Release R25|Any CPU.ActiveCfg = Release R25|Any CPU
		{5B9C6EFD-715B-40F5-82C3-3A80F6ECB7C5}.Release R25|Any CPU.Build.0 = Release R25|Any CPU
		{5B9C6EFD-715B-40F5-82C3-3A80F6ECB7C5}.Release R25|x64.ActiveCfg = Release R25|Any CPU
		{5B9C6EFD-715B-40F5-82C3-3A80F6ECB7C5}.Release R25|x64.Build.0 = Release R25|Any CPU
		{5B9C6EFD-715B-40F5-82C3-3A80F6ECB7C5}.Release|Any CPU.ActiveCfg = Release R20|Any CPU
		{5B9C6EFD-715B-40F5-82C3-3A80F6ECB7C5}.Release|Any CPU.Build.0 = Release R20|Any CPU
		{5B9C6EFD-715B-40F5-82C3-3A80F6ECB7C5}.Release|x64.ActiveCfg = Release R20|Any CPU
		{5B9C6EFD-715B-40F5-82C3-3A80F6ECB7C5}.Release|x64.Build.0 = Release R20|Any CPU
		{E72F124D-BFD5-4FAC-8E1F-A030F9DCD1C1}.Debug R21|Any CPU.ActiveCfg = Debug|Any CPU
		{E72F124D-BFD5-4FAC-8E1F-A030F9DCD1C1}.Debug R21|Any CPU.Build.0 = Debug|Any CPU
		{E72F124D-BFD5-4FAC-8E1F-A030F9DCD1C1}.Debug R21|x64.ActiveCfg = Debug|Any CPU
		{E72F124D-BFD5-4FAC-8E1F-A030F9DCD1C1}.Debug R21|x64.Build.0 = Debug|Any CPU
		{E72F124D-BFD5-4FAC-8E1F-A030F9DCD1C1}.Debug R22|Any CPU.ActiveCfg = Debug|Any CPU
		{E72F124D-BFD5-4FAC-8E1F-A030F9DCD1C1}.Debug R22|Any CPU.Build.0 = Debug|Any CPU
		{E72F124D-BFD5-4FAC-8E1F-A030F9DCD1C1}.Debug R22|x64.ActiveCfg = Debug|Any CPU
		{E72F124D-BFD5-4FAC-8E1F-A030F9DCD1C1}.Debug R22|x64.Build.0 = Debug|Any CPU
		{E72F124D-BFD5-4FAC-8E1F-A030F9DCD1C1}.Debug R23|Any CPU.ActiveCfg = Debug|Any CPU
		{E72F124D-BFD5-4FAC-8E1F-A030F9DCD1C1}.Debug R23|Any CPU.Build.0 = Debug|Any CPU
		{E72F124D-BFD5-4FAC-8E1F-A030F9DCD1C1}.Debug R23|x64.ActiveCfg = Debug|Any CPU
		{E72F124D-BFD5-4FAC-8E1F-A030F9DCD1C1}.Debug R23|x64.Build.0 = Debug|Any CPU
		{E72F124D-BFD5-4FAC-8E1F-A030F9DCD1C1}.Debug R24|Any CPU.ActiveCfg = Debug|Any CPU
		{E72F124D-BFD5-4FAC-8E1F-A030F9DCD1C1}.Debug R24|Any CPU.Build.0 = Debug|Any CPU
		{E72F124D-BFD5-4FAC-8E1F-A030F9DCD1C1}.Debug R24|x64.ActiveCfg = Debug|Any CPU
		{E72F124D-BFD5-4FAC-8E1F-A030F9DCD1C1}.Debug R24|x64.Build.0 = Debug|Any CPU
		{E72F124D-BFD5-4FAC-8E1F-A030F9DCD1C1}.Debug R25|Any CPU.ActiveCfg = Debug|Any CPU
		{E72F124D-BFD5-4FAC-8E1F-A030F9DCD1C1}.Debug R25|Any CPU.Build.0 = Debug|Any CPU
		{E72F124D-BFD5-4FAC-8E1F-A030F9DCD1C1}.Debug R25|x64.ActiveCfg = Debug|Any CPU
		{E72F124D-BFD5-4FAC-8E1F-A030F9DCD1C1}.Debug R25|x64.Build.0 = Debug|Any CPU
		{E72F124D-BFD5-4FAC-8E1F-A030F9DCD1C1}.Debug|Any CPU.ActiveCfg = Debug|Any CPU
		{E72F124D-BFD5-4FAC-8E1F-A030F9DCD1C1}.Debug|Any CPU.Build.0 = Debug|Any CPU
		{E72F124D-BFD5-4FAC-8E1F-A030F9DCD1C1}.Debug|x64.ActiveCfg = Debug|Any CPU
		{E72F124D-BFD5-4FAC-8E1F-A030F9DCD1C1}.Debug|x64.Build.0 = Debug|Any CPU
		{E72F124D-BFD5-4FAC-8E1F-A030F9DCD1C1}.Installer|Any CPU.ActiveCfg = Debug|Any CPU
		{E72F124D-BFD5-4FAC-8E1F-A030F9DCD1C1}.Installer|Any CPU.Build.0 = Debug|Any CPU
		{E72F124D-BFD5-4FAC-8E1F-A030F9DCD1C1}.Installer|x64.ActiveCfg = Release|Any CPU
		{E72F124D-BFD5-4FAC-8E1F-A030F9DCD1C1}.Installer|x64.Build.0 = Release|Any CPU
		{E72F124D-BFD5-4FAC-8E1F-A030F9DCD1C1}.Release R21|Any CPU.ActiveCfg = Release|Any CPU
		{E72F124D-BFD5-4FAC-8E1F-A030F9DCD1C1}.Release R21|Any CPU.Build.0 = Release|Any CPU
		{E72F124D-BFD5-4FAC-8E1F-A030F9DCD1C1}.Release R21|x64.ActiveCfg = Release|Any CPU
		{E72F124D-BFD5-4FAC-8E1F-A030F9DCD1C1}.Release R21|x64.Build.0 = Release|Any CPU
		{E72F124D-BFD5-4FAC-8E1F-A030F9DCD1C1}.Release R22|Any CPU.ActiveCfg = Release|Any CPU
		{E72F124D-BFD5-4FAC-8E1F-A030F9DCD1C1}.Release R22|Any CPU.Build.0 = Release|Any CPU
		{E72F124D-BFD5-4FAC-8E1F-A030F9DCD1C1}.Release R22|x64.ActiveCfg = Release|Any CPU
		{E72F124D-BFD5-4FAC-8E1F-A030F9DCD1C1}.Release R22|x64.Build.0 = Release|Any CPU
		{E72F124D-BFD5-4FAC-8E1F-A030F9DCD1C1}.Release R23|Any CPU.ActiveCfg = Release|Any CPU
		{E72F124D-BFD5-4FAC-8E1F-A030F9DCD1C1}.Release R23|Any CPU.Build.0 = Release|Any CPU
		{E72F124D-BFD5-4FAC-8E1F-A030F9DCD1C1}.Release R23|x64.ActiveCfg = Release|Any CPU
		{E72F124D-BFD5-4FAC-8E1F-A030F9DCD1C1}.Release R23|x64.Build.0 = Release|Any CPU
		{E72F124D-BFD5-4FAC-8E1F-A030F9DCD1C1}.Release R24|Any CPU.ActiveCfg = Release|Any CPU
		{E72F124D-BFD5-4FAC-8E1F-A030F9DCD1C1}.Release R24|Any CPU.Build.0 = Release|Any CPU
		{E72F124D-BFD5-4FAC-8E1F-A030F9DCD1C1}.Release R24|x64.ActiveCfg = Release|Any CPU
		{E72F124D-BFD5-4FAC-8E1F-A030F9DCD1C1}.Release R24|x64.Build.0 = Release|Any CPU
		{E72F124D-BFD5-4FAC-8E1F-A030F9DCD1C1}.Release R25|Any CPU.ActiveCfg = Release|Any CPU
		{E72F124D-BFD5-4FAC-8E1F-A030F9DCD1C1}.Release R25|Any CPU.Build.0 = Release|Any CPU
		{E72F124D-BFD5-4FAC-8E1F-A030F9DCD1C1}.Release R25|x64.ActiveCfg = Release|Any CPU
		{E72F124D-BFD5-4FAC-8E1F-A030F9DCD1C1}.Release R25|x64.Build.0 = Release|Any CPU
		{E72F124D-BFD5-4FAC-8E1F-A030F9DCD1C1}.Release|Any CPU.ActiveCfg = Release|Any CPU
		{E72F124D-BFD5-4FAC-8E1F-A030F9DCD1C1}.Release|Any CPU.Build.0 = Release|Any CPU
		{E72F124D-BFD5-4FAC-8E1F-A030F9DCD1C1}.Release|x64.ActiveCfg = Release|Any CPU
		{E72F124D-BFD5-4FAC-8E1F-A030F9DCD1C1}.Release|x64.Build.0 = Release|Any CPU
		{F778F1DC-642C-44DE-911A-950E5F02F626}.Debug R21|Any CPU.ActiveCfg = Debug R21|Any CPU
		{F778F1DC-642C-44DE-911A-950E5F02F626}.Debug R21|Any CPU.Build.0 = Debug R21|Any CPU
		{F778F1DC-642C-44DE-911A-950E5F02F626}.Debug R21|x64.ActiveCfg = Debug R21|Any CPU
		{F778F1DC-642C-44DE-911A-950E5F02F626}.Debug R21|x64.Build.0 = Debug R21|Any CPU
		{F778F1DC-642C-44DE-911A-950E5F02F626}.Debug R22|Any CPU.ActiveCfg = Debug R22|Any CPU
		{F778F1DC-642C-44DE-911A-950E5F02F626}.Debug R22|Any CPU.Build.0 = Debug R22|Any CPU
		{F778F1DC-642C-44DE-911A-950E5F02F626}.Debug R22|x64.ActiveCfg = Debug R22|Any CPU
		{F778F1DC-642C-44DE-911A-950E5F02F626}.Debug R22|x64.Build.0 = Debug R22|Any CPU
		{F778F1DC-642C-44DE-911A-950E5F02F626}.Debug R23|Any CPU.ActiveCfg = Debug R23|Any CPU
		{F778F1DC-642C-44DE-911A-950E5F02F626}.Debug R23|Any CPU.Build.0 = Debug R23|Any CPU
		{F778F1DC-642C-44DE-911A-950E5F02F626}.Debug R23|x64.ActiveCfg = Debug R23|Any CPU
		{F778F1DC-642C-44DE-911A-950E5F02F626}.Debug R23|x64.Build.0 = Debug R23|Any CPU
		{F778F1DC-642C-44DE-911A-950E5F02F626}.Debug R24|Any CPU.ActiveCfg = Debug R24|Any CPU
		{F778F1DC-642C-44DE-911A-950E5F02F626}.Debug R24|Any CPU.Build.0 = Debug R24|Any CPU
		{F778F1DC-642C-44DE-911A-950E5F02F626}.Debug R24|x64.ActiveCfg = Debug R24|Any CPU
		{F778F1DC-642C-44DE-911A-950E5F02F626}.Debug R24|x64.Build.0 = Debug R24|Any CPU
		{F778F1DC-642C-44DE-911A-950E5F02F626}.Debug R25|Any CPU.ActiveCfg = Debug R25|Any CPU
		{F778F1DC-642C-44DE-911A-950E5F02F626}.Debug R25|Any CPU.Build.0 = Debug R25|Any CPU
		{F778F1DC-642C-44DE-911A-950E5F02F626}.Debug R25|x64.ActiveCfg = Debug R25|Any CPU
		{F778F1DC-642C-44DE-911A-950E5F02F626}.Debug R25|x64.Build.0 = Debug R25|Any CPU
		{F778F1DC-642C-44DE-911A-950E5F02F626}.Debug|Any CPU.ActiveCfg = Debug R20|Any CPU
		{F778F1DC-642C-44DE-911A-950E5F02F626}.Debug|Any CPU.Build.0 = Debug R20|Any CPU
		{F778F1DC-642C-44DE-911A-950E5F02F626}.Debug|x64.ActiveCfg = Debug R20|Any CPU
		{F778F1DC-642C-44DE-911A-950E5F02F626}.Debug|x64.Build.0 = Debug R20|Any CPU
		{F778F1DC-642C-44DE-911A-950E5F02F626}.Installer|Any CPU.ActiveCfg = Debug R20|Any CPU
		{F778F1DC-642C-44DE-911A-950E5F02F626}.Installer|Any CPU.Build.0 = Debug R20|Any CPU
		{F778F1DC-642C-44DE-911A-950E5F02F626}.Installer|x64.ActiveCfg = Debug R20|Any CPU
		{F778F1DC-642C-44DE-911A-950E5F02F626}.Installer|x64.Build.0 = Debug R20|Any CPU
		{F778F1DC-642C-44DE-911A-950E5F02F626}.Release R21|Any CPU.ActiveCfg = Release R21|Any CPU
		{F778F1DC-642C-44DE-911A-950E5F02F626}.Release R21|Any CPU.Build.0 = Release R21|Any CPU
		{F778F1DC-642C-44DE-911A-950E5F02F626}.Release R21|x64.ActiveCfg = Release R21|Any CPU
		{F778F1DC-642C-44DE-911A-950E5F02F626}.Release R21|x64.Build.0 = Release R21|Any CPU
		{F778F1DC-642C-44DE-911A-950E5F02F626}.Release R22|Any CPU.ActiveCfg = Release R22|Any CPU
		{F778F1DC-642C-44DE-911A-950E5F02F626}.Release R22|Any CPU.Build.0 = Release R22|Any CPU
		{F778F1DC-642C-44DE-911A-950E5F02F626}.Release R22|x64.ActiveCfg = Release R22|Any CPU
		{F778F1DC-642C-44DE-911A-950E5F02F626}.Release R22|x64.Build.0 = Release R22|Any CPU
		{F778F1DC-642C-44DE-911A-950E5F02F626}.Release R23|Any CPU.ActiveCfg = Release R23|Any CPU
		{F778F1DC-642C-44DE-911A-950E5F02F626}.Release R23|Any CPU.Build.0 = Release R23|Any CPU
		{F778F1DC-642C-44DE-911A-950E5F02F626}.Release R23|x64.ActiveCfg = Release R23|Any CPU
		{F778F1DC-642C-44DE-911A-950E5F02F626}.Release R23|x64.Build.0 = Release R23|Any CPU
		{F778F1DC-642C-44DE-911A-950E5F02F626}.Release R24|Any CPU.ActiveCfg = Release R24|Any CPU
		{F778F1DC-642C-44DE-911A-950E5F02F626}.Release R24|Any CPU.Build.0 = Release R24|Any CPU
		{F778F1DC-642C-44DE-911A-950E5F02F626}.Release R24|x64.ActiveCfg = Release R24|Any CPU
		{F778F1DC-642C-44DE-911A-950E5F02F626}.Release R24|x64.Build.0 = Release R24|Any CPU
		{F778F1DC-642C-44DE-911A-950E5F02F626}.Release R25|Any CPU.ActiveCfg = Release R25|Any CPU
		{F778F1DC-642C-44DE-911A-950E5F02F626}.Release R25|Any CPU.Build.0 = Release R25|Any CPU
		{F778F1DC-642C-44DE-911A-950E5F02F626}.Release R25|x64.ActiveCfg = Release R25|Any CPU
		{F778F1DC-642C-44DE-911A-950E5F02F626}.Release R25|x64.Build.0 = Release R25|Any CPU
		{F778F1DC-642C-44DE-911A-950E5F02F626}.Release|Any CPU.ActiveCfg = Release R20|Any CPU
		{F778F1DC-642C-44DE-911A-950E5F02F626}.Release|Any CPU.Build.0 = Release R20|Any CPU
		{F778F1DC-642C-44DE-911A-950E5F02F626}.Release|x64.ActiveCfg = Release R20|Any CPU
		{F778F1DC-642C-44DE-911A-950E5F02F626}.Release|x64.Build.0 = Release R20|Any CPU
		{E18A9E38-104E-4D4A-B527-EB56ABFAE188}.Debug R21|Any CPU.ActiveCfg = Debug|Any CPU
		{E18A9E38-104E-4D4A-B527-EB56ABFAE188}.Debug R21|Any CPU.Build.0 = Debug|Any CPU
		{E18A9E38-104E-4D4A-B527-EB56ABFAE188}.Debug R21|x64.ActiveCfg = Debug|Any CPU
		{E18A9E38-104E-4D4A-B527-EB56ABFAE188}.Debug R21|x64.Build.0 = Debug|Any CPU
		{E18A9E38-104E-4D4A-B527-EB56ABFAE188}.Debug R22|Any CPU.ActiveCfg = Debug|Any CPU
		{E18A9E38-104E-4D4A-B527-EB56ABFAE188}.Debug R22|Any CPU.Build.0 = Debug|Any CPU
		{E18A9E38-104E-4D4A-B527-EB56ABFAE188}.Debug R22|x64.ActiveCfg = Debug|Any CPU
		{E18A9E38-104E-4D4A-B527-EB56ABFAE188}.Debug R22|x64.Build.0 = Debug|Any CPU
		{E18A9E38-104E-4D4A-B527-EB56ABFAE188}.Debug R23|Any CPU.ActiveCfg = Debug|Any CPU
		{E18A9E38-104E-4D4A-B527-EB56ABFAE188}.Debug R23|Any CPU.Build.0 = Debug|Any CPU
		{E18A9E38-104E-4D4A-B527-EB56ABFAE188}.Debug R23|x64.ActiveCfg = Debug|Any CPU
		{E18A9E38-104E-4D4A-B527-EB56ABFAE188}.Debug R23|x64.Build.0 = Debug|Any CPU
		{E18A9E38-104E-4D4A-B527-EB56ABFAE188}.Debug R24|Any CPU.ActiveCfg = Debug|Any CPU
		{E18A9E38-104E-4D4A-B527-EB56ABFAE188}.Debug R24|Any CPU.Build.0 = Debug|Any CPU
		{E18A9E38-104E-4D4A-B527-EB56ABFAE188}.Debug R24|x64.ActiveCfg = Debug|Any CPU
		{E18A9E38-104E-4D4A-B527-EB56ABFAE188}.Debug R24|x64.Build.0 = Debug|Any CPU
		{E18A9E38-104E-4D4A-B527-EB56ABFAE188}.Debug R25|Any CPU.ActiveCfg = Debug|Any CPU
		{E18A9E38-104E-4D4A-B527-EB56ABFAE188}.Debug R25|Any CPU.Build.0 = Debug|Any CPU
		{E18A9E38-104E-4D4A-B527-EB56ABFAE188}.Debug R25|x64.ActiveCfg = Debug|Any CPU
		{E18A9E38-104E-4D4A-B527-EB56ABFAE188}.Debug R25|x64.Build.0 = Debug|Any CPU
		{E18A9E38-104E-4D4A-B527-EB56ABFAE188}.Debug|Any CPU.ActiveCfg = Debug|Any CPU
		{E18A9E38-104E-4D4A-B527-EB56ABFAE188}.Debug|Any CPU.Build.0 = Debug|Any CPU
		{E18A9E38-104E-4D4A-B527-EB56ABFAE188}.Debug|x64.ActiveCfg = Debug|Any CPU
		{E18A9E38-104E-4D4A-B527-EB56ABFAE188}.Debug|x64.Build.0 = Debug|Any CPU
		{E18A9E38-104E-4D4A-B527-EB56ABFAE188}.Installer|Any CPU.ActiveCfg = Debug|Any CPU
		{E18A9E38-104E-4D4A-B527-EB56ABFAE188}.Installer|Any CPU.Build.0 = Debug|Any CPU
		{E18A9E38-104E-4D4A-B527-EB56ABFAE188}.Installer|x64.ActiveCfg = Release|Any CPU
		{E18A9E38-104E-4D4A-B527-EB56ABFAE188}.Installer|x64.Build.0 = Release|Any CPU
		{E18A9E38-104E-4D4A-B527-EB56ABFAE188}.Release R21|Any CPU.ActiveCfg = Release|Any CPU
		{E18A9E38-104E-4D4A-B527-EB56ABFAE188}.Release R21|Any CPU.Build.0 = Release|Any CPU
		{E18A9E38-104E-4D4A-B527-EB56ABFAE188}.Release R21|x64.ActiveCfg = Release|Any CPU
		{E18A9E38-104E-4D4A-B527-EB56ABFAE188}.Release R21|x64.Build.0 = Release|Any CPU
		{E18A9E38-104E-4D4A-B527-EB56ABFAE188}.Release R22|Any CPU.ActiveCfg = Release|Any CPU
		{E18A9E38-104E-4D4A-B527-EB56ABFAE188}.Release R22|Any CPU.Build.0 = Release|Any CPU
		{E18A9E38-104E-4D4A-B527-EB56ABFAE188}.Release R22|x64.ActiveCfg = Release|Any CPU
		{E18A9E38-104E-4D4A-B527-EB56ABFAE188}.Release R22|x64.Build.0 = Release|Any CPU
		{E18A9E38-104E-4D4A-B527-EB56ABFAE188}.Release R23|Any CPU.ActiveCfg = Release|Any CPU
		{E18A9E38-104E-4D4A-B527-EB56ABFAE188}.Release R23|Any CPU.Build.0 = Release|Any CPU
		{E18A9E38-104E-4D4A-B527-EB56ABFAE188}.Release R23|x64.ActiveCfg = Release|Any CPU
		{E18A9E38-104E-4D4A-B527-EB56ABFAE188}.Release R23|x64.Build.0 = Release|Any CPU
		{E18A9E38-104E-4D4A-B527-EB56ABFAE188}.Release R24|Any CPU.ActiveCfg = Release|Any CPU
		{E18A9E38-104E-4D4A-B527-EB56ABFAE188}.Release R24|Any CPU.Build.0 = Release|Any CPU
		{E18A9E38-104E-4D4A-B527-EB56ABFAE188}.Release R24|x64.ActiveCfg = Release|Any CPU
		{E18A9E38-104E-4D4A-B527-EB56ABFAE188}.Release R24|x64.Build.0 = Release|Any CPU
		{E18A9E38-104E-4D4A-B527-EB56ABFAE188}.Release R25|Any CPU.ActiveCfg = Release|Any CPU
		{E18A9E38-104E-4D4A-B527-EB56ABFAE188}.Release R25|Any CPU.Build.0 = Release|Any CPU
		{E18A9E38-104E-4D4A-B527-EB56ABFAE188}.Release R25|x64.ActiveCfg = Release|Any CPU
		{E18A9E38-104E-4D4A-B527-EB56ABFAE188}.Release R25|x64.Build.0 = Release|Any CPU
		{E18A9E38-104E-4D4A-B527-EB56ABFAE188}.Release|Any CPU.ActiveCfg = Release|Any CPU
		{E18A9E38-104E-4D4A-B527-EB56ABFAE188}.Release|Any CPU.Build.0 = Release|Any CPU
		{E18A9E38-104E-4D4A-B527-EB56ABFAE188}.Release|x64.ActiveCfg = Release|Any CPU
		{E18A9E38-104E-4D4A-B527-EB56ABFAE188}.Release|x64.Build.0 = Release|Any CPU
	EndGlobalSection
	GlobalSection(SolutionProperties) = preSolution
		HideSolutionNode = FALSE
	EndGlobalSection
	GlobalSection(ExtensibilityGlobals) = postSolution
		SolutionGuid = {C1A5251B-B306-4F4C-A392-FEEFFBA84235}
	EndGlobalSection
EndGlobal
